
Microsoft Visual Studio Solution File, Format Version 12.00
# Visual Studio 2012
Project("{FAE04EC0-301F-11D3-BF4B-00C04F79EFBC}") = "Jobs", "Jobs.csproj", "{901F06B9-7774-49E5-AEEC-519796055BA4}"
EndProject
Project("{FAE04EC0-301F-11D3-BF4B-00C04F79EFBC}") = "Jobs.Test", "Jobs.Test\Jobs.Test.csproj", "{DDE07D09-B5B2-485D-AD8C-6BE189E432F4}"
EndProject
Global
	GlobalSection(SolutionConfigurationPlatforms) = preSolution
		Debug|Any CPU = Debug|Any CPU
		Default|Any CPU = Default|Any CPU
		Release|Any CPU = Release|Any CPU
	EndGlobalSection
	GlobalSection(ProjectConfigurationPlatforms) = postSolution
		{901F06B9-7774-49E5-AEEC-519796055BA4}.Debug|Any CPU.ActiveCfg = Debug|Any CPU
		{901F06B9-7774-49E5-AEEC-519796055BA4}.Debug|Any CPU.Build.0 = Debug|Any CPU
		{901F06B9-7774-49E5-AEEC-519796055BA4}.Default|Any CPU.ActiveCfg = Debug|Any CPU
		{901F06B9-7774-49E5-AEEC-519796055BA4}.Default|Any CPU.Build.0 = Debug|Any CPU
		{901F06B9-7774-49E5-AEEC-519796055BA4}.Release|Any CPU.ActiveCfg = Release|Any CPU
		{901F06B9-7774-49E5-AEEC-519796055BA4}.Release|Any CPU.Build.0 = Release|Any CPU
		{DDE07D09-B5B2-485D-AD8C-6BE189E432F4}.Debug|Any CPU.ActiveCfg = Debug|Any CPU
		{DDE07D09-B5B2-485D-AD8C-6BE189E432F4}.Debug|Any CPU.Build.0 = Debug|Any CPU
		{DDE07D09-B5B2-485D-AD8C-6BE189E432F4}.Default|Any CPU.ActiveCfg = Debug|Any CPU
		{DDE07D09-B5B2-485D-AD8C-6BE189E432F4}.Default|Any CPU.Build.0 = Debug|Any CPU
		{DDE07D09-B5B2-485D-AD8C-6BE189E432F4}.Release|Any CPU.ActiveCfg = Release|Any CPU
		{DDE07D09-B5B2-485D-AD8C-6BE189E432F4}.Release|Any CPU.Build.0 = Release|Any CPU
	EndGlobalSection
	GlobalSection(SolutionProperties) = preSolution
		HideSolutionNode = FALSE
	EndGlobalSection
	GlobalSection(MonoDevelopProperties) = preSolution
		StartupItem = Jobs.csproj
	EndGlobalSection
EndGlobal
