
Microsoft Visual Studio Solution File, Format Version 12.00
# Visual Studio 2012
Project("{FAE04EC0-301F-11D3-BF4B-00C04F79EFBC}") = "JobsRawOwin", "JobsRawOwin\JobsRawOwin.csproj", "{71241F75-47EE-4BE1-B3AB-34E7D3BFFF23}"
EndProject
Project("{FAE04EC0-301F-11D3-BF4B-00C04F79EFBC}") = "Jobs", "..\JobsData\Jobs.csproj", "{901F06B9-7774-49E5-AEEC-519796055BA4}"
EndProject
Global
	GlobalSection(SolutionConfigurationPlatforms) = preSolution
		Debug|Any CPU = Debug|Any CPU
		Release|Any CPU = Release|Any CPU
	EndGlobalSection
	GlobalSection(ProjectConfigurationPlatforms) = postSolution
		{71241F75-47EE-4BE1-B3AB-34E7D3BFFF23}.Debug|Any CPU.ActiveCfg = Debug|Any CPU
		{71241F75-47EE-4BE1-B3AB-34E7D3BFFF23}.Debug|Any CPU.Build.0 = Debug|Any CPU
		{71241F75-47EE-4BE1-B3AB-34E7D3BFFF23}.Release|Any CPU.ActiveCfg = Release|Any CPU
		{71241F75-47EE-4BE1-B3AB-34E7D3BFFF23}.Release|Any CPU.Build.0 = Release|Any CPU
		{901F06B9-7774-49E5-AEEC-519796055BA4}.Debug|Any CPU.ActiveCfg = Debug|Any CPU
		{901F06B9-7774-49E5-AEEC-519796055BA4}.Debug|Any CPU.Build.0 = Debug|Any CPU
		{901F06B9-7774-49E5-AEEC-519796055BA4}.Release|Any CPU.ActiveCfg = Release|Any CPU
		{901F06B9-7774-49E5-AEEC-519796055BA4}.Release|Any CPU.Build.0 = Release|Any CPU
	EndGlobalSection
	GlobalSection(SolutionProperties) = preSolution
		HideSolutionNode = FALSE
	EndGlobalSection
	GlobalSection(MonoDevelopProperties) = preSolution
		StartupItem = ConsoleRunner\ConsoleRunner.csproj
	EndGlobalSection
EndGlobal
